
Microsoft Visual Studio Solution File, Format Version 12.00
Project("{FAE04EC0-301F-11D3-BF4B-00C04F79EFBC}") = "tawmy.dev", "tawmy.dev\tawmy.dev.csproj", "{AF291D72-665A-49A3-B9CB-AC19BABC1AFA}"
EndProject
Project("{2150E333-8FDC-42A3-9474-1A3956D46DE8}") = "Solution Items", "Solution Items", "{95CB486D-491A-43FE-99A3-492F22C472DC}"
	ProjectSection(SolutionItems) = preProject
		compose.yml = compose.yml
		compose.local.yml = compose.local.yml
		compose.dev.yml = compose.dev.yml
		.github\workflows\build-and-push.yml = .github\workflows\build-and-push.yml
	EndProjectSection
EndProject
Global
	GlobalSection(SolutionConfigurationPlatforms) = preSolution
		Debug|Any CPU = Debug|Any CPU
		Release|Any CPU = Release|Any CPU
	EndGlobalSection
	GlobalSection(ProjectConfigurationPlatforms) = postSolution
		{AF291D72-665A-49A3-B9CB-AC19BABC1AFA}.Debug|Any CPU.ActiveCfg = Debug|Any CPU
		{AF291D72-665A-49A3-B9CB-AC19BABC1AFA}.Debug|Any CPU.Build.0 = Debug|Any CPU
		{AF291D72-665A-49A3-B9CB-AC19BABC1AFA}.Release|Any CPU.ActiveCfg = Release|Any CPU
		{AF291D72-665A-49A3-B9CB-AC19BABC1AFA}.Release|Any CPU.Build.0 = Release|Any CPU
	EndGlobalSection
EndGlobal
