
Microsoft Visual Studio Solution File, Format Version 12.00
Project("{FAE04EC0-301F-11D3-BF4B-00C04F79EFBC}") = "tawmy.dev", "tawmy.dev\tawmy.dev.csproj", "{3EBB8C7F-D48A-4C98-8C7D-87DA74914642}"
EndProject
Global
	GlobalSection(SolutionConfigurationPlatforms) = preSolution
		Debug|Any CPU = Debug|Any CPU
		Release|Any CPU = Release|Any CPU
	EndGlobalSection
	GlobalSection(ProjectConfigurationPlatforms) = postSolution
		{3EBB8C7F-D48A-4C98-8C7D-87DA74914642}.Debug|Any CPU.ActiveCfg = Debug|Any CPU
		{3EBB8C7F-D48A-4C98-8C7D-87DA74914642}.Debug|Any CPU.Build.0 = Debug|Any CPU
		{3EBB8C7F-D48A-4C98-8C7D-87DA74914642}.Release|Any CPU.ActiveCfg = Release|Any CPU
		{3EBB8C7F-D48A-4C98-8C7D-87DA74914642}.Release|Any CPU.Build.0 = Release|Any CPU
	EndGlobalSection
EndGlobal
