<Solution>
    <Folder Name="/Solution Items/">
        <File Path=".github/workflows/build-and-push.yml"/>
        <File Path="compose.dev.yml"/>
        <File Path="compose.local.yml"/>
        <File Path="compose.prod.yml"/>
        <File Path="compose.staging.yml"/>
        <File Path="compose.yml"/>
    </Folder>
    <Project Path="tawmy.dev/tawmy.dev.csproj"/>
</Solution>
